
Microsoft Visual Studio Solution File, Format Version 12.00
# Visual Studio Version 17
VisualStudioVersion = 17.2.32616.157
MinimumVisualStudioVersion = 10.0.40219.1
Project("{2150E333-8FDC-42A3-9474-1A3956D46DE8}") = "Logik", "Logik", "{575B4746-5321-4FC0-85EE-6D13B3F7DD25}"
EndProject
Project("{2150E333-8FDC-42A3-9474-1A3956D46DE8}") = "Ui", "Ui", "{D682851B-CBFE-41ED-B47D-5AC0FC681052}"
EndProject
Project("{FAE04EC0-301F-11D3-BF4B-00C04F79EFBC}") = "Pw.Logik", "Pw.Logik\Pw.Logik.csproj", "{EBBF1047-F91A-4290-9730-61AE7639D9D4}"
EndProject
Project("{FAE04EC0-301F-11D3-BF4B-00C04F79EFBC}") = "Pw.Ui", "Pw.Ui\Pw.Ui.csproj", "{B25A91CE-AF5F-4C12-A595-B129F6560449}"
EndProject
Project("{2150E333-8FDC-42A3-9474-1A3956D46DE8}") = ".shared", ".shared", "{5B7EB0F0-761D-47A9-8F90-FAC6EE4889B2}"
	ProjectSection(SolutionItems) = preProject
		.shared\Pw.Info.cs = .shared\Pw.Info.cs
	EndProjectSection
EndProject
Global
	GlobalSection(SolutionConfigurationPlatforms) = preSolution
		Debug|Any CPU = Debug|Any CPU
		Release|Any CPU = Release|Any CPU
	EndGlobalSection
	GlobalSection(ProjectConfigurationPlatforms) = postSolution
		{EBBF1047-F91A-4290-9730-61AE7639D9D4}.Debug|Any CPU.ActiveCfg = Debug|Any CPU
		{EBBF1047-F91A-4290-9730-61AE7639D9D4}.Debug|Any CPU.Build.0 = Debug|Any CPU
		{EBBF1047-F91A-4290-9730-61AE7639D9D4}.Release|Any CPU.ActiveCfg = Release|Any CPU
		{EBBF1047-F91A-4290-9730-61AE7639D9D4}.Release|Any CPU.Build.0 = Release|Any CPU
		{B25A91CE-AF5F-4C12-A595-B129F6560449}.Debug|Any CPU.ActiveCfg = Debug|Any CPU
		{B25A91CE-AF5F-4C12-A595-B129F6560449}.Debug|Any CPU.Build.0 = Debug|Any CPU
		{B25A91CE-AF5F-4C12-A595-B129F6560449}.Release|Any CPU.ActiveCfg = Release|Any CPU
		{B25A91CE-AF5F-4C12-A595-B129F6560449}.Release|Any CPU.Build.0 = Release|Any CPU
	EndGlobalSection
	GlobalSection(SolutionProperties) = preSolution
		HideSolutionNode = FALSE
	EndGlobalSection
	GlobalSection(NestedProjects) = preSolution
		{EBBF1047-F91A-4290-9730-61AE7639D9D4} = {575B4746-5321-4FC0-85EE-6D13B3F7DD25}
		{B25A91CE-AF5F-4C12-A595-B129F6560449} = {D682851B-CBFE-41ED-B47D-5AC0FC681052}
	EndGlobalSection
	GlobalSection(ExtensibilityGlobals) = postSolution
		SolutionGuid = {C170FFFA-BC75-452A-ABA3-AEA2F7B28395}
	EndGlobalSection
EndGlobal
